
Microsoft Visual Studio Solution File, Format Version 12.00
# Visual Studio 14
VisualStudioVersion = 14.0.25420.1
MinimumVisualStudioVersion = 10.0.40219.1
Project("{FAE04EC0-301F-11D3-BF4B-00C04F79EFBC}") = "LifeLineAPI", "LifeLineAPI\LifeLineAPI.csproj", "{3DFEF53B-2EEB-4CA0-9BA0-5AF9A1499240}"
EndProject
Project("{FAE04EC0-301F-11D3-BF4B-00C04F79EFBC}") = "DataAccessLayer", "DataAccessLayer\DataAccessLayer.csproj", "{A3C929BB-4DCB-46DC-B12F-505A710742B5}"
EndProject
Project("{FAE04EC0-301F-11D3-BF4B-00C04F79EFBC}") = "testApplication", "testApplication\testApplication.csproj", "{82A937E7-2B9F-499B-A491-05F7341EFAEB}"
EndProject
Global
	GlobalSection(SolutionConfigurationPlatforms) = preSolution
		Debug|Any CPU = Debug|Any CPU
		Release|Any CPU = Release|Any CPU
	EndGlobalSection
	GlobalSection(ProjectConfigurationPlatforms) = postSolution
		{3DFEF53B-2EEB-4CA0-9BA0-5AF9A1499240}.Debug|Any CPU.ActiveCfg = Debug|Any CPU
		{3DFEF53B-2EEB-4CA0-9BA0-5AF9A1499240}.Debug|Any CPU.Build.0 = Debug|Any CPU
		{3DFEF53B-2EEB-4CA0-9BA0-5AF9A1499240}.Release|Any CPU.ActiveCfg = Release|Any CPU
		{3DFEF53B-2EEB-4CA0-9BA0-5AF9A1499240}.Release|Any CPU.Build.0 = Release|Any CPU
		{A3C929BB-4DCB-46DC-B12F-505A710742B5}.Debug|Any CPU.ActiveCfg = Debug|Any CPU
		{A3C929BB-4DCB-46DC-B12F-505A710742B5}.Debug|Any CPU.Build.0 = Debug|Any CPU
		{A3C929BB-4DCB-46DC-B12F-505A710742B5}.Release|Any CPU.ActiveCfg = Release|Any CPU
		{A3C929BB-4DCB-46DC-B12F-505A710742B5}.Release|Any CPU.Build.0 = Release|Any CPU
		{82A937E7-2B9F-499B-A491-05F7341EFAEB}.Debug|Any CPU.ActiveCfg = Debug|Any CPU
		{82A937E7-2B9F-499B-A491-05F7341EFAEB}.Debug|Any CPU.Build.0 = Debug|Any CPU
		{82A937E7-2B9F-499B-A491-05F7341EFAEB}.Release|Any CPU.ActiveCfg = Release|Any CPU
		{82A937E7-2B9F-499B-A491-05F7341EFAEB}.Release|Any CPU.Build.0 = Release|Any CPU
	EndGlobalSection
	GlobalSection(SolutionProperties) = preSolution
		HideSolutionNode = FALSE
	EndGlobalSection
EndGlobal
